
Microsoft Visual Studio Solution File, Format Version 12.00
# Visual Studio Version 16
VisualStudioVersion = 16.0.31729.503
MinimumVisualStudioVersion = 10.0.40219.1
Project("{FAE04EC0-301F-11D3-BF4B-00C04F79EFBC}") = "restbe", "restbe\restbe.csproj", "{EE13BD76-CD56-4575-8E22-6B7CBFEB02A3}"
EndProject
Global
	GlobalSection(SolutionConfigurationPlatforms) = preSolution
		Debug|Any CPU = Debug|Any CPU
		Release|Any CPU = Release|Any CPU
	EndGlobalSection
	GlobalSection(ProjectConfigurationPlatforms) = postSolution
		{EE13BD76-CD56-4575-8E22-6B7CBFEB02A3}.Debug|Any CPU.ActiveCfg = Debug|Any CPU
		{EE13BD76-CD56-4575-8E22-6B7CBFEB02A3}.Debug|Any CPU.Build.0 = Debug|Any CPU
		{EE13BD76-CD56-4575-8E22-6B7CBFEB02A3}.Release|Any CPU.ActiveCfg = Release|Any CPU
		{EE13BD76-CD56-4575-8E22-6B7CBFEB02A3}.Release|Any CPU.Build.0 = Release|Any CPU
	EndGlobalSection
	GlobalSection(SolutionProperties) = preSolution
		HideSolutionNode = FALSE
	EndGlobalSection
	GlobalSection(ExtensibilityGlobals) = postSolution
		SolutionGuid = {29D22C81-D6E9-48E5-9807-2F5D71E1207F}
	EndGlobalSection
EndGlobal
